
Microsoft Visual Studio Solution File, Format Version 12.00
# Visual Studio Version 16
VisualStudioVersion = 16.0.32510.428
MinimumVisualStudioVersion = 10.0.40219.1
Project("{FAE04EC0-301F-11D3-BF4B-00C04F79EFBC}") = "Combinacion_assignatras_creditos", "Combinacion_assignatras_creditos\Combinacion_assignatras_creditos.csproj", "{AB123457-F2C2-46D1-8FC1-E987545F859B}"
EndProject
Global
	GlobalSection(SolutionConfigurationPlatforms) = preSolution
		Debug|Any CPU = Debug|Any CPU
		Release|Any CPU = Release|Any CPU
	EndGlobalSection
	GlobalSection(ProjectConfigurationPlatforms) = postSolution
		{AB123457-F2C2-46D1-8FC1-E987545F859B}.Debug|Any CPU.ActiveCfg = Debug|Any CPU
		{AB123457-F2C2-46D1-8FC1-E987545F859B}.Debug|Any CPU.Build.0 = Debug|Any CPU
		{AB123457-F2C2-46D1-8FC1-E987545F859B}.Release|Any CPU.ActiveCfg = Release|Any CPU
		{AB123457-F2C2-46D1-8FC1-E987545F859B}.Release|Any CPU.Build.0 = Release|Any CPU
	EndGlobalSection
	GlobalSection(SolutionProperties) = preSolution
		HideSolutionNode = FALSE
	EndGlobalSection
	GlobalSection(ExtensibilityGlobals) = postSolution
		SolutionGuid = {F7D7C185-B4DB-4420-AB64-67AD09E82285}
	EndGlobalSection
EndGlobal
